
Microsoft Visual Studio Solution File, Format Version 12.00
# Visual Studio 14
VisualStudioVersion = 14.0.25420.1
MinimumVisualStudioVersion = 10.0.40219.1
Project("{E24C65DC-7377-472B-9ABA-BC803B73C61A}") = "TBL_NEW", "TBL_NEW\", "{0AA8467E-478F-4B65-B57D-18E04E54929B}"
	ProjectSection(SvnOrigin) = preProject
		@Keys = Enlist,Svn.Uri
		Enlist = Required
		Svn.Uri = TBL_NEW/
	EndProjectSection
	ProjectSection(WebsiteProperties) = preProject
		SccProjectName = "Svn"
		SccAuxPath = "Svn"
		SccLocalPath = "Svn"
		SccProvider = "SubversionScc"
		TargetFrameworkMoniker = ".NETFramework,Version%3Dv4.5.1"
		Debug.AspNetCompiler.VirtualPath = "/TBL_NEW"
		Debug.AspNetCompiler.PhysicalPath = "TBL_NEW\"
		Debug.AspNetCompiler.TargetPath = "PrecompiledWeb\TBL_NEW\"
		Debug.AspNetCompiler.Updateable = "true"
		Debug.AspNetCompiler.ForceOverwrite = "true"
		Debug.AspNetCompiler.FixedNames = "false"
		Debug.AspNetCompiler.Debug = "True"
		Release.AspNetCompiler.VirtualPath = "/TBL_NEW"
		Release.AspNetCompiler.PhysicalPath = "TBL_NEW\"
		Release.AspNetCompiler.TargetPath = "PrecompiledWeb\TBL_NEW\"
		Release.AspNetCompiler.Updateable = "true"
		Release.AspNetCompiler.ForceOverwrite = "true"
		Release.AspNetCompiler.FixedNames = "false"
		Release.AspNetCompiler.Debug = "False"
		VWDPort = "45805"
		SlnRelativePath = "TBL_NEW\"
	EndProjectSection
EndProject
Global
	GlobalSection(SubversionScc) = preSolution
		Svn-Managed = True
		Manager = AnkhSVN - Subversion Support for Visual Studio
	EndGlobalSection
	GlobalSection(SolutionConfigurationPlatforms) = preSolution
		Debug|Any CPU = Debug|Any CPU
	EndGlobalSection
	GlobalSection(ProjectConfigurationPlatforms) = postSolution
		{0AA8467E-478F-4B65-B57D-18E04E54929B}.Debug|Any CPU.ActiveCfg = Debug|Any CPU
		{0AA8467E-478F-4B65-B57D-18E04E54929B}.Debug|Any CPU.Build.0 = Debug|Any CPU
	EndGlobalSection
	GlobalSection(SolutionProperties) = preSolution
		HideSolutionNode = FALSE
	EndGlobalSection
EndGlobal
